
Microsoft Visual Studio Solution File, Format Version 11.00
# Visual Studio 2010
Project("{FAE04EC0-301F-11D3-BF4B-00C04F79EFBC}") = "Assembly-CSharp", "Assembly-CSharp.csproj", "{D3D5F8B4-6C0D-C2A1-1746-73006B1AA3EB}"
EndProject
Project("{FAE04EC0-301F-11D3-BF4B-00C04F79EFBC}") = "Assembly-CSharp-Editor", "Assembly-CSharp-Editor.csproj", "{D2C52078-9B59-57B6-A0D6-22C4BEE85975}"
EndProject
Global
	GlobalSection(SolutionConfigurationPlatforms) = preSolution
		Debug|Any CPU = Debug|Any CPU
		Release|Any CPU = Release|Any CPU
	EndGlobalSection
	GlobalSection(ProjectConfigurationPlatforms) = postSolution
		{D3D5F8B4-6C0D-C2A1-1746-73006B1AA3EB}.Debug|Any CPU.ActiveCfg = Debug|Any CPU
		{D3D5F8B4-6C0D-C2A1-1746-73006B1AA3EB}.Debug|Any CPU.Build.0 = Debug|Any CPU
		{D3D5F8B4-6C0D-C2A1-1746-73006B1AA3EB}.Release|Any CPU.ActiveCfg = Release|Any CPU
		{D3D5F8B4-6C0D-C2A1-1746-73006B1AA3EB}.Release|Any CPU.Build.0 = Release|Any CPU
		{D2C52078-9B59-57B6-A0D6-22C4BEE85975}.Debug|Any CPU.ActiveCfg = Debug|Any CPU
		{D2C52078-9B59-57B6-A0D6-22C4BEE85975}.Debug|Any CPU.Build.0 = Debug|Any CPU
		{D2C52078-9B59-57B6-A0D6-22C4BEE85975}.Release|Any CPU.ActiveCfg = Release|Any CPU
		{D2C52078-9B59-57B6-A0D6-22C4BEE85975}.Release|Any CPU.Build.0 = Release|Any CPU
	EndGlobalSection
	GlobalSection(SolutionProperties) = preSolution
		HideSolutionNode = FALSE
	EndGlobalSection
	GlobalSection(MonoDevelopProperties) = preSolution
		StartupItem = Assembly-CSharp.csproj
	EndGlobalSection
EndGlobal
